
Microsoft Visual Studio Solution File, Format Version 12.00
# Visual Studio Version 16
VisualStudioVersion = 16.0.29102.190
MinimumVisualStudioVersion = 10.0.40219.1
Project("{FAE04EC0-301F-11D3-BF4B-00C04F79EFBC}") = "ModBusTcp", "ModBusTcp\ModBusTcp.csproj", "{D3A60759-E863-4FD3-BAAB-A7F68E610DF1}"
EndProject
Global
	GlobalSection(SolutionConfigurationPlatforms) = preSolution
		Debug|Any CPU = Debug|Any CPU
		Release|Any CPU = Release|Any CPU
	EndGlobalSection
	GlobalSection(ProjectConfigurationPlatforms) = postSolution
		{D3A60759-E863-4FD3-BAAB-A7F68E610DF1}.Debug|Any CPU.ActiveCfg = Debug|Any CPU
		{D3A60759-E863-4FD3-BAAB-A7F68E610DF1}.Debug|Any CPU.Build.0 = Debug|Any CPU
		{D3A60759-E863-4FD3-BAAB-A7F68E610DF1}.Release|Any CPU.ActiveCfg = Release|Any CPU
		{D3A60759-E863-4FD3-BAAB-A7F68E610DF1}.Release|Any CPU.Build.0 = Release|Any CPU
	EndGlobalSection
	GlobalSection(SolutionProperties) = preSolution
		HideSolutionNode = FALSE
	EndGlobalSection
	GlobalSection(ExtensibilityGlobals) = postSolution
		SolutionGuid = {25B56470-8C08-4045-95DF-3F105C6EA4CA}
	EndGlobalSection
EndGlobal
